# THIS IS AN AUTOGENERATED FILE. DO NOT EDIT THIS FILE DIRECTLY.
# yarn lockfile v1


regexp-tree@~0.1.1:
  version "0.1.24"
  resolved "https://registry.yarnpkg.com/regexp-tree/-/regexp-tree-0.1.24.tgz#3d6fa238450a4d66e5bc9c4c14bb720e2196829d"
  integrity sha512-s2aEVuLhvnVJW6s/iPgEGK6R+/xngd2jNQ+xy4bXNDKxZKJH6jpPHY6kVeVv1IeLCHgswRj+Kl3ELaDjG6V1iw==

safe-regex@^2.1.1:
  version "2.1.1"
  resolved "https://registry.yarnpkg.com/safe-regex/-/safe-regex-2.1.1.tgz#f7128f00d056e2fe5c11e81a1324dd974aadced2"
  integrity sha512-rx+x8AMzKb5Q5lQ95Zoi6ZbJqwCLkqi3XuJXp5P3rT8OEc6sZCJG5AE5dU3lsgRr/F4Bs31jSlVN+j5KrsGu9A==
  dependencies:
    regexp-tree "~0.1.1"
